
Microsoft Visual Studio Solution File, Format Version 12.00
# Visual Studio Version 16
VisualStudioVersion = 16.0.30907.101
MinimumVisualStudioVersion = 10.0.40219.1
Project("{FAE04EC0-301F-11D3-BF4B-00C04F79EFBC}") = "TP_Automation.AvayaOnex.DesabilitaDesligue", "TP_Automation.AvayaOnex.DesabilitaDesligue\TP_Automation.AvayaOnex.DesabilitaDesligue.csproj", "{EA30086D-7E65-40F8-AAA6-D1890A0A0430}"
EndProject
Project("{54435603-DBB4-11D2-8724-00A0C9A8B90C}") = "TP_Automation.Wizard", "TP_Automation.Wizard\TP_Automation.Wizard.vdproj", "{4ED8BA8E-E3A4-46C5-A0A8-339EA5FCFF73}"
EndProject
Project("{54435603-DBB4-11D2-8724-00A0C9A8B90C}") = "TP_Automation.Nespresso.Backoffice.Wizard", "TP_Automation.Nespresso.Backoffice.Wizard\TP_Automation.Nespresso.Backoffice.Wizard.vdproj", "{26013A02-184F-41FA-96BF-EEB960C123A1}"
EndProject
Project("{54435603-DBB4-11D2-8724-00A0C9A8B90C}") = "TP_Automation.Nespresso.Desligue.Wizard", "TP_Automation.Nespresso.Desligue.Wizard\TP_Automation.Nespresso.Desligue.Wizard.vdproj", "{66A86F38-64BC-4D6F-9927-58AF9878290F}"
EndProject
Global
	GlobalSection(SolutionConfigurationPlatforms) = preSolution
		Debug|Any CPU = Debug|Any CPU
		Release|Any CPU = Release|Any CPU
	EndGlobalSection
	GlobalSection(ProjectConfigurationPlatforms) = postSolution
		{EA30086D-7E65-40F8-AAA6-D1890A0A0430}.Debug|Any CPU.ActiveCfg = Debug|Any CPU
		{EA30086D-7E65-40F8-AAA6-D1890A0A0430}.Debug|Any CPU.Build.0 = Debug|Any CPU
		{EA30086D-7E65-40F8-AAA6-D1890A0A0430}.Release|Any CPU.ActiveCfg = Release|Any CPU
		{EA30086D-7E65-40F8-AAA6-D1890A0A0430}.Release|Any CPU.Build.0 = Release|Any CPU
		{4ED8BA8E-E3A4-46C5-A0A8-339EA5FCFF73}.Debug|Any CPU.ActiveCfg = Debug
		{4ED8BA8E-E3A4-46C5-A0A8-339EA5FCFF73}.Release|Any CPU.ActiveCfg = Release
		{26013A02-184F-41FA-96BF-EEB960C123A1}.Debug|Any CPU.ActiveCfg = Debug
		{26013A02-184F-41FA-96BF-EEB960C123A1}.Release|Any CPU.ActiveCfg = Release
		{66A86F38-64BC-4D6F-9927-58AF9878290F}.Debug|Any CPU.ActiveCfg = Debug
		{66A86F38-64BC-4D6F-9927-58AF9878290F}.Release|Any CPU.ActiveCfg = Release
	EndGlobalSection
	GlobalSection(SolutionProperties) = preSolution
		HideSolutionNode = FALSE
	EndGlobalSection
	GlobalSection(ExtensibilityGlobals) = postSolution
		SolutionGuid = {E1D63CAF-7013-4440-8C22-651D99FD5F6C}
	EndGlobalSection
EndGlobal
